
Microsoft Visual Studio Solution File, Format Version 12.00
# Visual Studio Version 17
VisualStudioVersion = 17.8.34330.188
MinimumVisualStudioVersion = 10.0.40219.1
Project("{FAE04EC0-301F-11D3-BF4B-00C04F79EFBC}") = "DiggyDungeonProject", "DiggyDungeonProject\DiggyDungeonProject.csproj", "{DFB73EEA-AEE3-4A38-9177-C54744D6FDF0}"
EndProject
Global
	GlobalSection(SolutionConfigurationPlatforms) = preSolution
		Debug|Any CPU = Debug|Any CPU
		Release|Any CPU = Release|Any CPU
	EndGlobalSection
	GlobalSection(ProjectConfigurationPlatforms) = postSolution
		{DFB73EEA-AEE3-4A38-9177-C54744D6FDF0}.Debug|Any CPU.ActiveCfg = Debug|Any CPU
		{DFB73EEA-AEE3-4A38-9177-C54744D6FDF0}.Debug|Any CPU.Build.0 = Debug|Any CPU
		{DFB73EEA-AEE3-4A38-9177-C54744D6FDF0}.Release|Any CPU.ActiveCfg = Release|Any CPU
		{DFB73EEA-AEE3-4A38-9177-C54744D6FDF0}.Release|Any CPU.Build.0 = Release|Any CPU
	EndGlobalSection
	GlobalSection(SolutionProperties) = preSolution
		HideSolutionNode = FALSE
	EndGlobalSection
	GlobalSection(ExtensibilityGlobals) = postSolution
		SolutionGuid = {5140D5BB-09E0-428E-9900-97D2A9A32CD7}
	EndGlobalSection
EndGlobal
